
Microsoft Visual Studio Solution File, Format Version 12.00
# Visual Studio Version 17
VisualStudioVersion = 17.5.33414.496
MinimumVisualStudioVersion = 10.0.40219.1
Project("{FAE04EC0-301F-11D3-BF4B-00C04F79EFBC}") = "Challenge2", "Challenge2\Challenge2.csproj", "{447CB091-2D5B-48ED-9FE0-9B435FE72912}"
EndProject
Project("{FAE04EC0-301F-11D3-BF4B-00C04F79EFBC}") = "Challenge3", "Challenge3\Challenge3.csproj", "{BB664D3B-D7A4-4959-817A-6691E2A06A10}"
EndProject
Project("{FAE04EC0-301F-11D3-BF4B-00C04F79EFBC}") = "Challenge1", "Challenge1\Challenge1.csproj", "{5AE72126-07E8-42FD-B956-CD6805085AB3}"
EndProject
Global
	GlobalSection(SolutionConfigurationPlatforms) = preSolution
		Debug|Any CPU = Debug|Any CPU
		Release|Any CPU = Release|Any CPU
	EndGlobalSection
	GlobalSection(ProjectConfigurationPlatforms) = postSolution
		{447CB091-2D5B-48ED-9FE0-9B435FE72912}.Debug|Any CPU.ActiveCfg = Debug|Any CPU
		{447CB091-2D5B-48ED-9FE0-9B435FE72912}.Debug|Any CPU.Build.0 = Debug|Any CPU
		{447CB091-2D5B-48ED-9FE0-9B435FE72912}.Release|Any CPU.ActiveCfg = Release|Any CPU
		{447CB091-2D5B-48ED-9FE0-9B435FE72912}.Release|Any CPU.Build.0 = Release|Any CPU
		{BB664D3B-D7A4-4959-817A-6691E2A06A10}.Debug|Any CPU.ActiveCfg = Debug|Any CPU
		{BB664D3B-D7A4-4959-817A-6691E2A06A10}.Debug|Any CPU.Build.0 = Debug|Any CPU
		{BB664D3B-D7A4-4959-817A-6691E2A06A10}.Release|Any CPU.ActiveCfg = Release|Any CPU
		{BB664D3B-D7A4-4959-817A-6691E2A06A10}.Release|Any CPU.Build.0 = Release|Any CPU
		{5AE72126-07E8-42FD-B956-CD6805085AB3}.Debug|Any CPU.ActiveCfg = Debug|Any CPU
		{5AE72126-07E8-42FD-B956-CD6805085AB3}.Debug|Any CPU.Build.0 = Debug|Any CPU
		{5AE72126-07E8-42FD-B956-CD6805085AB3}.Release|Any CPU.ActiveCfg = Release|Any CPU
		{5AE72126-07E8-42FD-B956-CD6805085AB3}.Release|Any CPU.Build.0 = Release|Any CPU
	EndGlobalSection
	GlobalSection(SolutionProperties) = preSolution
		HideSolutionNode = FALSE
	EndGlobalSection
	GlobalSection(ExtensibilityGlobals) = postSolution
		SolutionGuid = {DDC0F6C7-3011-4F15-B543-BDE56D70A9F7}
	EndGlobalSection
EndGlobal
